
Microsoft Visual Studio Solution File, Format Version 12.00
# Visual Studio Version 17
VisualStudioVersion = 17.2.32519.379
MinimumVisualStudioVersion = 10.0.40219.1
Project("{FAE04EC0-301F-11D3-BF4B-00C04F79EFBC}") = "estruturaRepeticao_ex001", "estruturaRepeticao_ex001\estruturaRepeticao_ex001.csproj", "{8E278A38-2749-4DD5-B434-AE82CA336CB5}"
EndProject
Global
	GlobalSection(SolutionConfigurationPlatforms) = preSolution
		Debug|Any CPU = Debug|Any CPU
		Release|Any CPU = Release|Any CPU
	EndGlobalSection
	GlobalSection(ProjectConfigurationPlatforms) = postSolution
		{8E278A38-2749-4DD5-B434-AE82CA336CB5}.Debug|Any CPU.ActiveCfg = Debug|Any CPU
		{8E278A38-2749-4DD5-B434-AE82CA336CB5}.Debug|Any CPU.Build.0 = Debug|Any CPU
		{8E278A38-2749-4DD5-B434-AE82CA336CB5}.Release|Any CPU.ActiveCfg = Release|Any CPU
		{8E278A38-2749-4DD5-B434-AE82CA336CB5}.Release|Any CPU.Build.0 = Release|Any CPU
	EndGlobalSection
	GlobalSection(SolutionProperties) = preSolution
		HideSolutionNode = FALSE
	EndGlobalSection
	GlobalSection(ExtensibilityGlobals) = postSolution
		SolutionGuid = {12E70E39-8CA3-4FC7-A4D3-626C390A3EC6}
	EndGlobalSection
EndGlobal
