
Microsoft Visual Studio Solution File, Format Version 12.00
# Visual Studio Version 17
VisualStudioVersion = 17.2.32519.379
MinimumVisualStudioVersion = 10.0.40219.1
Project("{FAE04EC0-301F-11D3-BF4B-00C04F79EFBC}") = "estruturaRepetitivaFor_ex004", "estruturaRepetitivaFor_ex004\estruturaRepetitivaFor_ex004.csproj", "{FD3561C3-269B-4F1C-A85B-5D0E6EAFFBDC}"
EndProject
Global
	GlobalSection(SolutionConfigurationPlatforms) = preSolution
		Debug|Any CPU = Debug|Any CPU
		Release|Any CPU = Release|Any CPU
	EndGlobalSection
	GlobalSection(ProjectConfigurationPlatforms) = postSolution
		{FD3561C3-269B-4F1C-A85B-5D0E6EAFFBDC}.Debug|Any CPU.ActiveCfg = Debug|Any CPU
		{FD3561C3-269B-4F1C-A85B-5D0E6EAFFBDC}.Debug|Any CPU.Build.0 = Debug|Any CPU
		{FD3561C3-269B-4F1C-A85B-5D0E6EAFFBDC}.Release|Any CPU.ActiveCfg = Release|Any CPU
		{FD3561C3-269B-4F1C-A85B-5D0E6EAFFBDC}.Release|Any CPU.Build.0 = Release|Any CPU
	EndGlobalSection
	GlobalSection(SolutionProperties) = preSolution
		HideSolutionNode = FALSE
	EndGlobalSection
	GlobalSection(ExtensibilityGlobals) = postSolution
		SolutionGuid = {81963CE1-CD70-414F-B2DC-CC711C7742EC}
	EndGlobalSection
EndGlobal
