
Microsoft Visual Studio Solution File, Format Version 12.00
# Visual Studio Version 17
VisualStudioVersion = 17.2.32519.379
MinimumVisualStudioVersion = 10.0.40219.1
Project("{FAE04EC0-301F-11D3-BF4B-00C04F79EFBC}") = "ex_a_23", "ex_a_23\ex_a_23.csproj", "{BCCAF05C-D364-4AB8-9BD4-0060C8A10A70}"
EndProject
Global
	GlobalSection(SolutionConfigurationPlatforms) = preSolution
		Debug|Any CPU = Debug|Any CPU
		Release|Any CPU = Release|Any CPU
	EndGlobalSection
	GlobalSection(ProjectConfigurationPlatforms) = postSolution
		{BCCAF05C-D364-4AB8-9BD4-0060C8A10A70}.Debug|Any CPU.ActiveCfg = Debug|Any CPU
		{BCCAF05C-D364-4AB8-9BD4-0060C8A10A70}.Debug|Any CPU.Build.0 = Debug|Any CPU
		{BCCAF05C-D364-4AB8-9BD4-0060C8A10A70}.Release|Any CPU.ActiveCfg = Release|Any CPU
		{BCCAF05C-D364-4AB8-9BD4-0060C8A10A70}.Release|Any CPU.Build.0 = Release|Any CPU
	EndGlobalSection
	GlobalSection(SolutionProperties) = preSolution
		HideSolutionNode = FALSE
	EndGlobalSection
	GlobalSection(ExtensibilityGlobals) = postSolution
		SolutionGuid = {0E5CB1D5-44DC-4010-9DC9-9ED940923441}
	EndGlobalSection
EndGlobal
