
Microsoft Visual Studio Solution File, Format Version 12.00
# Visual Studio Version 17
VisualStudioVersion = 17.2.32519.379
MinimumVisualStudioVersion = 10.0.40219.1
Project("{FAE04EC0-301F-11D3-BF4B-00C04F79EFBC}") = "ExercicioFixação(vetores)", "ExercicioFixação(vetores)\ExercicioFixação(vetores).csproj", "{D58E525B-5525-43E2-AD4C-81BE376A5E6D}"
EndProject
Global
	GlobalSection(SolutionConfigurationPlatforms) = preSolution
		Debug|Any CPU = Debug|Any CPU
		Release|Any CPU = Release|Any CPU
	EndGlobalSection
	GlobalSection(ProjectConfigurationPlatforms) = postSolution
		{D58E525B-5525-43E2-AD4C-81BE376A5E6D}.Debug|Any CPU.ActiveCfg = Debug|Any CPU
		{D58E525B-5525-43E2-AD4C-81BE376A5E6D}.Debug|Any CPU.Build.0 = Debug|Any CPU
		{D58E525B-5525-43E2-AD4C-81BE376A5E6D}.Release|Any CPU.ActiveCfg = Release|Any CPU
		{D58E525B-5525-43E2-AD4C-81BE376A5E6D}.Release|Any CPU.Build.0 = Release|Any CPU
	EndGlobalSection
	GlobalSection(SolutionProperties) = preSolution
		HideSolutionNode = FALSE
	EndGlobalSection
	GlobalSection(ExtensibilityGlobals) = postSolution
		SolutionGuid = {1D5960CF-6867-4C15-B6C8-4E8368CE216D}
	EndGlobalSection
EndGlobal
