
Microsoft Visual Studio Solution File, Format Version 12.00
# Visual Studio Version 17
VisualStudioVersion = 17.2.32519.379
MinimumVisualStudioVersion = 10.0.40219.1
Project("{FAE04EC0-301F-11D3-BF4B-00C04F79EFBC}") = "estruturaSequencial_ex001", "estruturaSequencial_ex001\estruturaSequencial_ex001.csproj", "{F75052DB-FB9B-4DF9-8CE8-51CEA109C922}"
EndProject
Global
	GlobalSection(SolutionConfigurationPlatforms) = preSolution
		Debug|Any CPU = Debug|Any CPU
		Release|Any CPU = Release|Any CPU
	EndGlobalSection
	GlobalSection(ProjectConfigurationPlatforms) = postSolution
		{F75052DB-FB9B-4DF9-8CE8-51CEA109C922}.Debug|Any CPU.ActiveCfg = Debug|Any CPU
		{F75052DB-FB9B-4DF9-8CE8-51CEA109C922}.Debug|Any CPU.Build.0 = Debug|Any CPU
		{F75052DB-FB9B-4DF9-8CE8-51CEA109C922}.Release|Any CPU.ActiveCfg = Release|Any CPU
		{F75052DB-FB9B-4DF9-8CE8-51CEA109C922}.Release|Any CPU.Build.0 = Release|Any CPU
	EndGlobalSection
	GlobalSection(SolutionProperties) = preSolution
		HideSolutionNode = FALSE
	EndGlobalSection
	GlobalSection(ExtensibilityGlobals) = postSolution
		SolutionGuid = {1C273E7B-0961-4F23-93AD-BD9C5AE99EA1}
	EndGlobalSection
EndGlobal
