
Microsoft Visual Studio Solution File, Format Version 12.00
# Visual Studio Version 17
VisualStudioVersion = 17.2.32519.379
MinimumVisualStudioVersion = 10.0.40219.1
Project("{FAE04EC0-301F-11D3-BF4B-00C04F79EFBC}") = "ExercicioFixacaoListas", "ExercicioFixacaoListas\ExercicioFixacaoListas.csproj", "{46262446-BC47-4521-8565-3FADFA045E9D}"
EndProject
Global
	GlobalSection(SolutionConfigurationPlatforms) = preSolution
		Debug|Any CPU = Debug|Any CPU
		Release|Any CPU = Release|Any CPU
	EndGlobalSection
	GlobalSection(ProjectConfigurationPlatforms) = postSolution
		{46262446-BC47-4521-8565-3FADFA045E9D}.Debug|Any CPU.ActiveCfg = Debug|Any CPU
		{46262446-BC47-4521-8565-3FADFA045E9D}.Debug|Any CPU.Build.0 = Debug|Any CPU
		{46262446-BC47-4521-8565-3FADFA045E9D}.Release|Any CPU.ActiveCfg = Release|Any CPU
		{46262446-BC47-4521-8565-3FADFA045E9D}.Release|Any CPU.Build.0 = Release|Any CPU
	EndGlobalSection
	GlobalSection(SolutionProperties) = preSolution
		HideSolutionNode = FALSE
	EndGlobalSection
	GlobalSection(ExtensibilityGlobals) = postSolution
		SolutionGuid = {30FE310A-A7DB-43C5-99C9-55F6D3E62614}
	EndGlobalSection
EndGlobal
