
Microsoft Visual Studio Solution File, Format Version 12.00
# Visual Studio Version 17
VisualStudioVersion = 17.2.32519.379
MinimumVisualStudioVersion = 10.0.40219.1
Project("{FAE04EC0-301F-11D3-BF4B-00C04F79EFBC}") = "estruturaCondicional_ex005", "estruturaCondicional_ex005\estruturaCondicional_ex005.csproj", "{42B15F4A-7CE6-4F04-9978-F01006F6ACDF}"
EndProject
Global
	GlobalSection(SolutionConfigurationPlatforms) = preSolution
		Debug|Any CPU = Debug|Any CPU
		Release|Any CPU = Release|Any CPU
	EndGlobalSection
	GlobalSection(ProjectConfigurationPlatforms) = postSolution
		{42B15F4A-7CE6-4F04-9978-F01006F6ACDF}.Debug|Any CPU.ActiveCfg = Debug|Any CPU
		{42B15F4A-7CE6-4F04-9978-F01006F6ACDF}.Debug|Any CPU.Build.0 = Debug|Any CPU
		{42B15F4A-7CE6-4F04-9978-F01006F6ACDF}.Release|Any CPU.ActiveCfg = Release|Any CPU
		{42B15F4A-7CE6-4F04-9978-F01006F6ACDF}.Release|Any CPU.Build.0 = Release|Any CPU
	EndGlobalSection
	GlobalSection(SolutionProperties) = preSolution
		HideSolutionNode = FALSE
	EndGlobalSection
	GlobalSection(ExtensibilityGlobals) = postSolution
		SolutionGuid = {AAEF8666-44A6-43E4-A1DF-ED030216A6D3}
	EndGlobalSection
EndGlobal
