
Microsoft Visual Studio Solution File, Format Version 12.00
# Visual Studio Version 17
VisualStudioVersion = 17.2.32519.379
MinimumVisualStudioVersion = 10.0.40219.1
Project("{FAE04EC0-301F-11D3-BF4B-00C04F79EFBC}") = "estruturaCondicional_ex004", "estruturaCondicional_ex004\estruturaCondicional_ex004.csproj", "{2EAD58DF-D11E-4D6B-B6DF-37D8E4869DB9}"
EndProject
Global
	GlobalSection(SolutionConfigurationPlatforms) = preSolution
		Debug|Any CPU = Debug|Any CPU
		Release|Any CPU = Release|Any CPU
	EndGlobalSection
	GlobalSection(ProjectConfigurationPlatforms) = postSolution
		{2EAD58DF-D11E-4D6B-B6DF-37D8E4869DB9}.Debug|Any CPU.ActiveCfg = Debug|Any CPU
		{2EAD58DF-D11E-4D6B-B6DF-37D8E4869DB9}.Debug|Any CPU.Build.0 = Debug|Any CPU
		{2EAD58DF-D11E-4D6B-B6DF-37D8E4869DB9}.Release|Any CPU.ActiveCfg = Release|Any CPU
		{2EAD58DF-D11E-4D6B-B6DF-37D8E4869DB9}.Release|Any CPU.Build.0 = Release|Any CPU
	EndGlobalSection
	GlobalSection(SolutionProperties) = preSolution
		HideSolutionNode = FALSE
	EndGlobalSection
	GlobalSection(ExtensibilityGlobals) = postSolution
		SolutionGuid = {694507AE-8E41-48F6-A3B0-8CD205E87B5E}
	EndGlobalSection
EndGlobal
